
Microsoft Visual Studio Solution File, Format Version 12.00
# Visual Studio Version 17
VisualStudioVersion = 17.5.002.0
MinimumVisualStudioVersion = 10.0.40219.1
Project("{9A19103F-16F7-4668-BE54-9A1E7A4F7556}") = "myWebApp", "myWebApp.csproj", "{BAE8379F-FD5F-456C-9AC1-CA897159EE45}"
EndProject
Global
	GlobalSection(SolutionConfigurationPlatforms) = preSolution
		Debug|Any CPU = Debug|Any CPU
		Release|Any CPU = Release|Any CPU
	EndGlobalSection
	GlobalSection(ProjectConfigurationPlatforms) = postSolution
		{BAE8379F-FD5F-456C-9AC1-CA897159EE45}.Debug|Any CPU.ActiveCfg = Debug|Any CPU
		{BAE8379F-FD5F-456C-9AC1-CA897159EE45}.Debug|Any CPU.Build.0 = Debug|Any CPU
		{BAE8379F-FD5F-456C-9AC1-CA897159EE45}.Release|Any CPU.ActiveCfg = Release|Any CPU
		{BAE8379F-FD5F-456C-9AC1-CA897159EE45}.Release|Any CPU.Build.0 = Release|Any CPU
	EndGlobalSection
	GlobalSection(SolutionProperties) = preSolution
		HideSolutionNode = FALSE
	EndGlobalSection
	GlobalSection(ExtensibilityGlobals) = postSolution
		SolutionGuid = {178687E3-EC3A-445A-978D-E78E552A8D65}
	EndGlobalSection
EndGlobal
